# Generert av mkdocs/lib/scripts/i18n_status.py stamp-catalog — ikkje rediger manuelt.
# sha256 av den nynorske verdien då omsetjinga (per språk og nøkkel) sist vart stadfesta.
en:
  artefakt.asyncapi_yaml: sha256:85544a7db0485ee42d73b859dd43996d0e8ad7e730ce02f1c1c574468536c635
  artefakt.context_jsonld: sha256:4660cdb6ab72002d13b8d03090c6104da0002985f6190dfd55b5bed2d4b4e7d9
  artefakt.eksempel_ttl: sha256:105af680c86205fa6e9c509a836e86f155653eb8fc406bc5ce3170939b50df84
  artefakt.erdiagram_md: sha256:e980a3499a52a3e9e8921e648e09a23b0c1d3cfc7293a4bef1e438dd000f38e9
  artefakt.java: sha256:cd9017807905a45beb3614cf5ec3e7fe1a23ffb0f6d755fcea74525474b57da8
  artefakt.manifest: sha256:c927ecd66168bcc6d8ddf6fb88d892e1d6279f44202fb273232a40a5d24d695b
  artefakt.model_py: sha256:2649b508ae22eab74b1e40a274b9ec189cd405e5bf0d4a5e44f09a2eb2b52f9b
  artefakt.ontology_ttl: sha256:38853ad1b7dc3adb42e73787f8e3cd012167c6611702c08af2f0bec97ca6d6a3
  artefakt.openapi_yaml: sha256:261d63504d41b31dbb1373541d6cc4a6450ef57f654a41da92caca90732895dc
  artefakt.plantuml: sha256:65abf0aafd96e1e2e5d34408c8b8b4a22cf888b0e7d18775d9db99bf03ad9c9a
  artefakt.schema_graphql: sha256:b400b9f3be3bb540bb7a71dade9f3fb3fbd1d509f6d821cf1e103715586c1ecb
  artefakt.schema_json: sha256:13a8f29ba149c2a24b86b7773c1a3019595a5d9cece88aca54c8cfd23280d0f9
  artefakt.schema_proto: sha256:460653e783b915e1a49360f6b06b2d8486e7ceafae05924fbde847db731a59ec
  artefakt.schema_ttl: sha256:0390483c9960dc8b29cf2a42917a2ab276cec5ff589601b3df22b3bcbe0fbe1d
  artefakt.schema_xsd: sha256:c47b63ccec6b6b834b767d338560b56d6b28ddcde55a7347d6777eee6c828ea6
  artefakt.shapes_ttl: sha256:70fa2ec83ad14d383982593797d275c56c5ccdbb95bff4baee10d447af056529
  badge.endringsdato.alt: sha256:431ed3cb34222db556c3334068ceb84af61b8fdeeadf34143de059c7e25f16ec
  badge.endringsdato.etikett: sha256:e069c427db8e2fb87ce5ccecf38fa8b355157be2188b2982b3a48ca9e2a9c1b3
  badge.lisens.alt: sha256:d84aa93b42e34a39e30c6fa1f0c4ec5580b817681b9d9a5e916a5c135e65f5f8
  badge.status.alt: sha256:920e413c7d411b61ef3e8c63b1cb6ad058d5f95f8b481dbafe60248387d8c355
  badge.status.etikett: sha256:073c1634c496cdb649d1afe0a312bbb4b7e1741b271542e4a436c3b8824b1761
  badge.status.ferdigstilt: sha256:b6e1c7ac1202f850499ea207373e3db8f80b3d5b626fa43b0c997ba5794256ce
  badge.status.foreldet: sha256:78d71dfd45774431664ef0126a6ae2c3e5cb9ac04622bd93d4abb632e6277d51
  badge.status.trukket_tilbake: sha256:5175e1beac48bc3e435966e237cb59d6267fa64580ac44f8e7e3c46e39cd32b9
  badge.status.under_utvikling: sha256:9b91aae9726a9fb4ee2021137a9aa5bd95a1d2a6f4c6a4fab7611f2e4a268c6a
  badge.ukjent: sha256:229bb48da358071ba3f325e5dd44aac2425d367c096b62aeb2f8a18977dcd8c6
  badge.utgiver.alt: sha256:ba0f89bba9b913d1f0e1d15dd847af3f097b5be5cb54354ab2e141d67836adfc
  badge.utgiver.etikett: sha256:81a9aa305fdba331e3b79f4597d110ca671caeaa402b5eafe271b514ff99e0e1
  badge.validering.alt: sha256:98ce71d4c55ebdc0266d0e036ddda8889acc792d7739984444f36fdcb00e4382
  badge.validering.feil: sha256:cf93b4aacfb7a374321042aa88ccbb0120f63c6c83c1d9997010f9a4223e2d67
  badge.validering.godkjent: sha256:076043669d469b1dfa9e690e7a84cae1ed737bbd3c6a3a8f94ec83767621dde3
  badge.versjon.alt: sha256:7946d8d9f96571f7a25f4708c6619e19ed0ddda8728813fef9d0d8a010ac4fa5
  badge.versjon.etikett: sha256:938d6ac8ff5a10e8cb0d6c0f3977d478224457aa80cc927a26800192b450136c
  docgen.abstrakt_klasse: sha256:6e3a8ccf3c407650c280006af972d3f27d966b6bf021f29a7a748e879038ce2b
  docgen.abstrakt_slot: sha256:be13892f3e9611cdcffeea6230ff66c99b57aa06b3d1228cbf0d744ac963b03f
  docgen.administrative_metadata: sha256:2cec9a7b9dd335ee05f1c3e8b8b7aecf2e611168bf26adbf1523ca5c459c92c5
  docgen.aktuelle_klasser: sha256:21b77dc948ea3c1df59a2723c264a213a6125448f0a80d330771337ec6892725
  docgen.alias: sha256:b19e02e9502bbe5ac59dff4b2d4160768a4a7b8feff5693e5769613562290a45
  docgen.alternative_beskrivingar: sha256:2b7a2dff7618c8a4416b915dfacdd69f727c897bd47118188b4c92631a4d570e
  docgen.andre: sha256:9d9726d2c6482a042ec277364e0ad9f5e45d7414d03ef98675fbed53c9bf0391
  docgen.annotasjonar: sha256:6ee6a7706f3d07df1d98078401cee778d5cfd0ef0edd8f675bbd4e88e6304872
  docgen.arv: sha256:d7e5db58f189e8578f51b0ca262f664d1b4eceb39b97a434c888e1abe83621fe
  docgen.arva: sha256:d85fb8aed065539eb066221744fce3d99ea907905dadad8f8de287a316a8b3c3
  docgen.avanserte_eigenskapar: sha256:e37d6998247cf513792a356808133a8fbf27828f5ddb7992560b55da8761bfbb
  docgen.beskriving: sha256:6b459d62cd82a0c5a50494864c72e0a2fef0d087a8241939e445b95925c2dc4d
  docgen.blanda_inn_i: sha256:ddec0e29d8b49749719eabadd682f70aa509b33a0eb87cac411101313f121520
  docgen.bruk: sha256:da645d25ef5e514f2c6c02d5c9d1f27161f71d4e1dd85f638ee7c2a528719479
  docgen.brukt: sha256:81e52ed18a9f40e357a0e90c20cc47b71389636e3f63f9fef2d7133561590b80
  docgen.brukt_av: sha256:d50716d671a193243d4f59ec974417e2fbd0ad602a5a8509d7b024defba3a694
  docgen.brukt_i: sha256:4e1b003677799127744397c1b578bcb63c6b8a28f8a0a413c8e5a64452c78a35
  docgen.definert_av_slots: sha256:b42cc914ffea039a3ee7afdbe42affb2dddc69d68da6d436cd36efb138d54b1a
  docgen.definert_i: sha256:ed950eb4b10672c16b4d0272a5eb26cc8bb6b012da43bbc2896b4c59132b5281
  docgen.definert_i_forklaring_enums: sha256:9ca2d7e4c53d0a728b4f08468fa990f6f3abcf1f13da5827151d11a69a8d8d9d
  docgen.definert_i_forklaring_slots: sha256:f2de6aba11fd89afbcc67345a6a12df7cd9d750fe654d03fd95321aaf8025ecb
  docgen.definert_i_forklaring_subsets: sha256:347f63422231563c682a5bacdad48f6182e84d95c918086caa6d215d4be04ac8
  docgen.definert_i_forklaring_types: sha256:0bb35947502af59821911bbe768f94571397fcd4ac143d8f44b4d4964a9a38b9
  docgen.diagram_merknad: sha256:9110dec50eb83c1775852ca305f68f42c32cd21277bca1ffa5f4fe2d0070596d
  docgen.diagram_merknad_tittel: sha256:e5ed063f890ba2b71f41fb7e7baa100343b769de8f00e3f660d41b35e6d65a84
  docgen.direkte: sha256:70edcada2ca3e55b743b727c419f9c44e7a3e9dc903ec64fcd3b3f22ff7de718
  docgen.doeme: sha256:dbdb255229a915de9ead757fd877043b0bcd6f292cd58341fe1da3c58b35e252
  docgen.doeme_eintal: sha256:dbdb255229a915de9ead757fd877043b0bcd6f292cd58341fe1da3c58b35e252
  docgen.dynamisk_enum: sha256:f52b48c72fea6e7598458911276936d7902b2b5dd1ec24215a6bb7b3a3ea94ba
  docgen.eigenskap: sha256:9ea78de2df23cc713e4d249d58af67a5e910d88b47837c02b0a17a7382f51fb1
  docgen.eigenskapar: sha256:2c7ca41dd6fda2c14999b71270140d80021236a3d694c5cd2c1a79520d09712d
  docgen.eller: sha256:563259f099deb633b0fce14d1e5357ef6419b187e5ef00a3747935aa3d0db513
  docgen.endrar_slot: sha256:90f79507249bffaea05016a5fdea062bac7d84e2a12dd24a8fc3db8dab4350e5
  docgen.endringsdato: sha256:431ed3cb34222db556c3334068ceb84af61b8fdeeadf34143de059c7e25f16ec
  docgen.enum_kjelde: sha256:63a1819b4d9eb7b24acf62b6cc90ba332875a76052c9fab67aee1ffeda33a143
  docgen.enum_operasjonar: sha256:cfa8bd79045715e872c90eb9cced9f5504069c68ec4a830131cef61821265172
  docgen.enums_forklaring: sha256:3a8cd3f7c2a5c66cf64886574fa910db6d4c5d18cccf313ac736d6586e260817
  docgen.enums_i_subset: sha256:8f14750f2668621df8a199b5791cc4f4316329c39b984d71acdc7f46aee94f76
  docgen.felt: sha256:61a44eaf1609cec4f50a29b7d0396472615b910f5e92270a487181f2c611ea17
  docgen.fleire_avgrensingar: sha256:0d5de0541ff6dc0d7726e2bf664ae022c385664840928f498a99287c1d3119c8
  docgen.fraa: sha256:52efc57eb2a11e874e7458be47ee041d04b495128a54e08ef720e04169a8d311
  docgen.fraa_skjema: sha256:b5fe3f72633e7091b1fedc13322dd6141fc22db9f1893df253f2b8b96a0a44d4
  docgen.gyldige_id_prefiks: sha256:5ab5897703ae1d6224ac2fec4c1110a2bbe7913fa573c0a5c8c5affe94b6db98
  docgen.i_subset: sha256:607c0b05090a2e12ede38c86028567898406538e33f9ffdc7903d6119fb19ac7
  docgen.id_prefiks_forklaring: sha256:36ec14b3a03abb0cc08cc5a01b9f7c9906da1d0272a00211fadda9ff7aa36587
  docgen.identifikator_og_mapping: sha256:7781e18ce39a94f8a5b918c8f2f5a25016a087254bb8fb5c96e8e1c7878d1a40
  docgen.importar: sha256:e7f0e6d956c17ec852f8ecd9e559271f42b40cf4a6daf51f2b42edec7fd92ced
  docgen.importert_fraa: sha256:47324044de4e6d5a42e10c967e1d74997cedbd095414e032c46d99e61da72c02
  docgen.ingen_enums: sha256:50d275082969c859241ad56b6e3e25192fda0079f3d6944c22b64420987d9177
  docgen.ingen_subsets: sha256:95ac7bc7206db8eedadedc5455afa52f0a7755f4e2938ed7c4d9667a03ecbc2f
  docgen.ingen_types: sha256:5fa9381be7cc215c7b0f61fe94348dc1de1f802d7da71bff62b73df6ce0e8f44
  docgen.ja: sha256:cde9e58a9a4e1f369839d800aebbe5e4c19e2efa9f5791ecda15e9e87eb652e3
  docgen.kardinalitet_og_krav: sha256:83dd9d94e88dcde71efdcc4fa28b47e6af3706ffad1bc42c49f655d7809bc0ba
  docgen.kardinalitet_og_range: sha256:6d7f50d12768aa12d67396c2c551b25a2ca02cc67f274e2afcfc23680b2e53a1
  docgen.kategoriar: sha256:539e713c62f5d95db4a8335d62fac5066425fe550acd59177238b148bd1aaca3
  docgen.klasse: sha256:eebeec9dcb974e0c0019217877dae955bc8c2cc39292a258aa467a3cbfbdcca7
  docgen.klasse_alle: sha256:6500f7b0a3c3da8705012af2e7fc725c777b8a3fc51c57ce839e2a66088b0bc9
  docgen.klasse_eksakt_eitt: sha256:63170f5bdca4b070f3a1064356c442fa09fccdd5b8e17c37537c18a54bc473f9
  docgen.klasse_ingen: sha256:c9a1fbee28be317be4b26bea9733ec66beb3f6826e773f0bb51d2cdd3be5fbdd
  docgen.klasse_minst_eitt: sha256:60368f3ed5b27830e0309804e624d902db68137dd24f473f771a4081e8a71a38
  docgen.klasseeigenskapar: sha256:92d8bfc32fffeb0c79cd64238b1286b27399aec92691285ef865a2d31bb4d120
  docgen.klasser: sha256:6d19a9017eadba4b6314a98b3032d4127729fcfb8146023c30c3022d24149a4f
  docgen.klasser_forklaring_1a: sha256:17a10267368ed280d732250ad235beb6e5d0cab698359593960f1bc0521c1be5
  docgen.klasser_forklaring_1b: sha256:d614e8e62c4f06ee8c588d13e5956bee1b8dabfb4bc2ab4457e8f4dc7359b48c
  docgen.klasser_forklaring_2: sha256:7176966d4af4f980bf0fb556cb0c22f0ee0de17852b921e085d6e5f6e5fc5648
  docgen.klasser_forklaring_3: sha256:e8ced163cddac6c39f86d8589e8f193ced3e36b24aec88d4cf49434a667588d2
  docgen.klasser_i_subset: sha256:36fbe327ae3d89cf407a8c10cf2be3f52c991df4d8f17e1f3f2fe29e7d0ac7fa
  docgen.kodar: sha256:f1d44fa1626f95f408ceea0b0921eb5c260fa4615163f2f81f514cc895824fd9
  docgen.kommentarar: sha256:b4f920e54947c08723ce9715c2972c6ebe302558ddaef593b0dabe12318093f3
  docgen.linkml_kjelde: sha256:d7be7c743d4a739eec0d0ffb0a211146f49a839ab272de4264f023e8beae4780
  docgen.lisens: sha256:d84aa93b42e34a39e30c6fa1f0c4ec5580b817681b9d9a5e916a5c135e65f5f8
  docgen.liste_eigenskapar: sha256:de6973a5ece8fd7a9e92a19234fa572e7f3eb78318db170796527857aa49b1f5
  docgen.mappa_verdi: sha256:2a2f3461ca01cb0e625a2f06c4c1cf2350cde44d93322e4363c560c64e18f3e9
  docgen.mappingar: sha256:cc1fdf2cfb80336ade3d7226868cca5e92f46df05438310a286bd25d767f8113
  docgen.mappingtype: sha256:35cb6c78a21b7fdbf1402c715c47fda8e21d5d35439a389625f7796f09ea883c
  docgen.merk: sha256:5d98a53268cdaac9b585e7d1859b844bbc6028f782ef70070641eee91d4ed98e
  docgen.merknader: sha256:5ce019c870b8463cfdfd02c8abd6360e834d85332e4c5157c0bfd646c82e65f9
  docgen.mixin_bruk: sha256:b242254808f975151efbd421fec214132550b3f068a7782684d4b5788888a54d
  docgen.modellmetadata: sha256:29df240961c306ce6d97c3ce2c4bd85e331035e7f5b7c8d8d3381c81a3f8136b
  docgen.modellmetadata_forklaring: sha256:2dff2f31072697cf8dec2e3613836cce3ed0a435048d9c59ecd8769fb53c0056
  docgen.navn: sha256:b3b3b01a7a062103672cc2c29da3a45b0a99ed623d1b98a843fba57013032d74
  docgen.nei: sha256:a702a5b6785ab6693229904a649613df7af42e25d6fccb16dfe9d6eb8b106092
  docgen.noekkelord: sha256:1bc18391e398f21a554caf9752cd538ae0600a9ae0bbdb8ece0eb857040fb8d2
  docgen.null_ulike: sha256:181b9980737830b866d4aacc0f3b6724f75c7b4453ed14cd77328120c2e2c46b
  docgen.ogsaa_i: sha256:e5f355bb201fd7cd3cca2914a33bcbbf149da7cd7d6e882c83fa1d9578b97b19
  docgen.referansar: sha256:e5f518ae1aaa5691f0e1335b976d7119b7d86e383e1dbf2cc475e4f500d8e036
  docgen.regel_brukt: sha256:7cf8f0e853623d4e0178a1bb21297ffff684849c9e05a2cf79e86b025603801c
  docgen.reglar: sha256:aead4e0f7822df5a63da34f4e2bd541847816638a9ad1f087940645e487b8a32
  docgen.relasjonseigenskapar: sha256:01fadfb4cc16a869d3fbffaab2332bf1949a855c1d8fe44da01947af4e2d9724
  docgen.sjaa_ogsaa: sha256:fbfd9b25766fac0a3abb68cdd93b33d18a6794685a6ab2e9d01354e23dd93203
  docgen.skjemadiagram: sha256:db7bbef6d80eb75122a631d1371fe3b6c98c9670aab1124f1b2062ba55be1d08
  docgen.skjemakjelde: sha256:93289b4ad3c8ed091337486a4737e942237bc93aabe2d60108ec7be17bbe3c95
  docgen.slot_eigenskapar_tittel: sha256:2c7ca41dd6fda2c14999b71270140d80021236a3d694c5cd2c1a79520d09712d
  docgen.slot_kjenneteikn: sha256:d7a9a3a0faaa3def5e3a407d5034f32d2704c9f4d6db054e61d551a60d435a93
  docgen.slots_forklaring_1: sha256:5b97cb3147bbd3dbdd62d552eda286a9ecc38727725073f8e3648fd5b5dccd44
  docgen.slots_forklaring_2: sha256:01a2c2691404a02f3aa62ffb515e382f2eca1537b235146cf6402253d6d42560
  docgen.slots_fraa: sha256:828948635db78d709aa14d0bcae7da4279e556259308d14d132949fa95dcc918
  docgen.slots_i_subset: sha256:2a7081d0b127fa414d536884e3e83270914ddfdd1c317cd204163e3bfa0149ba
  docgen.subsets_forklaring: sha256:f323f3ca59672b69010f7a2b6e8e68af835d618801d3c5820decbff290c71c9f
  docgen.tilleggsinfo: sha256:a1c8fe620acaee79702ab0b264935f0e2e8a92aed5e032b0f28a3dfbd5987497
  docgen.tittel: sha256:10490dc73d910f0f96888b72f33a9d02750eb9392eeb36945f4c4c2684f22452
  docgen.tyding: sha256:d36a5d8470d4c76e8b4959315e959e868a6dfe63c89538940af1095101d2adcc
  docgen.type: sha256:baaddf70fb5d432b8bd948ef91d6f910124a6d138edae4d5f000c4610ddc8eae
  docgen.type_eigenskapar: sha256:6dee7ee3dc6dce123a2f25dc428f636de0882c1b42cec6c45f12bcb6abeb2659
  docgen.type_og_range: sha256:ac030e881c45fa916392ae810e262c0424309f191e58930c46a4d07f9076d389
  docgen.types_forklaring: sha256:4d756c8e24e5a20f3c5b28b9bd9ddcda7eadd731044e6c1beaf46ff87a875f8a
  docgen.typeuttrykk: sha256:d0fb2adb680fbb34c3e6326a354b0d0d3dbbf82dcb3b685c53a9ec06e2a2c6e3
  docgen.utgaatt: sha256:9342f450a223d4ee6b64b462b07635f01ccacdb5cfdd4222c8b7a83fb658faa1
  docgen.utgivelsesdato: sha256:5272d569be8b20fdbfe36742a96e950ee3df609285156f930da07598222c4dc4
  docgen.utgiver: sha256:ba0f89bba9b913d1f0e1d15dd847af3f097b5be5cb54354ab2e141d67836adfc
  docgen.uttrykk_og_logikk: sha256:88586c98cc3c6a17fd209f7803a2d0eaa005f921667ff42692ac0be7ec4eb311
  docgen.verdi: sha256:6d299ec8f7a51378ad05d45131420ff6d058f370254dda3a4e7caadd1fae6e75
  docgen.verdi_alle: sha256:d3432613d059e73b3c10c1f501b7062c55dfd54a611482cd3863c7321a03a3cb
  docgen.verdi_alle_uttrykk: sha256:7b0ed0ae01494fd19b0ef43768a6ca61f6e9d3f346cbc571717ae9220f543e73
  docgen.verdi_eksakt_eitt: sha256:fad332ade43a2c6c87e3e8cef407aa54ebc3915156a9feea45b85f3a20bf650a
  docgen.verdi_eksakt_eitt_uttrykk: sha256:a4deb12763e3a89993330fe7e3a7f80d530cd3b302ab664bc76181be696319d5
  docgen.verdi_ingen: sha256:d7ff976d0bd7ba00cc75f0f4d1d944976188942323e1e384e7496607f2948d29
  docgen.verdi_ingen_uttrykk: sha256:aee1b29fcd7f026d41cb9f30906cf94e97ea171e2240f1f104740c4b4b6284bb
  docgen.verdi_minst_eitt: sha256:a377cfb68f3c8a0f695fa6f461be11e4ff2dc39063ae6571e49fce8cab8ba024
  docgen.verdi_minst_eitt_uttrykk: sha256:3fc389263c5b9a5d7fcc96b336b0b22cf4625562df2fefaeab597ac7a2b8bc8a
  docgen.verdiar: sha256:2ff0999916aa0ce42d57b834b3006e9b31a282bc984b461a1331c45b65367be6
  docgen.verdiavgrensingar: sha256:99424c66b67e740be09aa33221acb6c60b7da5db38f8e52db8ed13ab77dd37da
  docgen.versjon: sha256:7946d8d9f96571f7a25f4708c6619e19ed0ddda8728813fef9d0d8a010ac4fa5
  domene.ap_no: sha256:1039e0f3efeb68df7d40696dcb35f4ecc3d13bd0b483b9b2ac45ff63cdbd4ace
  domene.begrepskatalog: sha256:dbbe95ec77e973581fc3fbbefb3de519be9ff1805bd414e4fe6611dccb566f14
  domene.fair: sha256:ed3d406ce94a53df7db68bb9d225889e52d892a4583b3a299624822ab44112a1
  domene.felles: sha256:682838beb79a38c18fcf3fcd10e98c3a6ceb9fa7538d80ee7287cea2b6302dee
  domene.fint: sha256:b81c25e35bd9fe6e5d22db25cd147dd5411d6af930ef9e6a141b43a2f2f6f2fd
  domene.modellkatalog: sha256:df5370fad92eda4fc6d8b6163f78999853785092682bb2a570dfb2986caa0694
  domene.ngr: sha256:bf0880386996a2731fcc895e86b00eec6017305eb48711949ee86121d4dc0abf
  domene.oreg: sha256:b61e9382d3d7f30dc0f0a6fde737945ed1bc6c09fdcdf1d168a4d40ff77e62ed
  domene.referanse: sha256:d865a992eb3e46374657566cd98604f34640e39d34376e47e3f6cefd7ad8bf6d
  domene.samt: sha256:6103f639487f0c3d938f3637089258a0c4c6453c28969467d9b6e51065d2c790
  domeneoversikt.artefakter: sha256:d4b2e1ec327665f98a2cf3e4bfdd1da8549b0227712538c4f58c24d2c70a79da
  domeneoversikt.modell: sha256:ff461e69984d7e2fe6ac538ab2f0327b6f40148788b89c4e7be5887f21497829
  domeneoversikt.publisert_til: sha256:61ec4e45f460b2037c55c73c1db7ddd07c980a00be000a7ccdddb3030216ebe5
  i18n.ikkje_omsett.tekst: sha256:2ac40c79f61b99951929423c25f3d8551c109aa0b723521394d7640ee31754a7
  i18n.ikkje_omsett.tittel: sha256:b780de08759b59614160d49fe481ddaf9f4322f800ae91779cf607b8d82f3daa
  i18n.modellinnhald_norsk: sha256:c08b4a7db5d48b4b444f7b9efae917ed64fc8818cecab730ea0e38fc5c0fe61a
  i18n.modellinnhald_norsk_tittel: sha256:e651093c0c40375a5df32aaa91572c2489b067e9b708284ae8d2078d1adf2138
  klasseliste.importerte_enums: sha256:ed272a80a24ec2605461c1c3e7e8b62e7602491244cdb3451b35e52801e11926
  klasseliste.importerte_klasser: sha256:fac42ab1d64e85b5eef15a224f6d14e07e1ac762c6d4730a33d3a9df58ef99f7
  klasseliste.importerte_slots: sha256:128eafc514983fb92fe34c39aa21c38774dd958edeb2faee71a776f340f9e392
  klasseliste.importerte_subsets: sha256:4d333f5ca7f8bb8b15e37c53708a2f3050141bc2b723c6431fa37f7c175f155b
  klasseliste.importerte_typer: sha256:72a9089ddef0eea79b7fedb1df206946cb40c1cacce8bf81335bb28f2bad28ad
  modellanalyse.alle.ikkje_generert: sha256:866cc37def588eebe429f4d1ebcda1f076e9392ff9409c4bd87e6ec017544c81
  modellanalyse.alle.ikkje_tilgjengeleg_tittel: sha256:cd35e08a7c0728c417480927b6b4e7c59d7cd7d841e1469363a1f2848c1638f5
  modellanalyse.alle.innleiing: sha256:ab619ab5f8293dd5558a438ae3e053a94d9dcb634b5b18bb03c5cf3d2eff4a32
  modellanalyse.alle.tittel: sha256:0a89d100a7fc4b523d3d747da8bc7c74316455a234d8b5b9fe461b6eecbc0f33
  modellanalyse.ikkje_tilkopla_container.forklaring: sha256:0d2fcb41f961ec88bd562a22d9e44c14bc8eea5870b49a33d884c8dc71e60e7a
  modellanalyse.ikkje_tilkopla_container.tittel: sha256:5ec81c478933ec3c466d1e1e1c1370f40bc938aab9616864e6d8786b3ca02c57
  modellanalyse.isolerte_klasser.forklaring: sha256:8433fcb4483d1a22000dcb0e1502eba95044fc652f091a9865178f4728679718
  modellanalyse.isolerte_klasser.tittel: sha256:bbcc05866d907af08dba2c7245570c3c5d10e56696878538e348aee00ca45a13
  modellanalyse.liknande_klassenavn.forklaring: sha256:9faabed0bdcfc20fb6f072b43fccf86426796380e72b4c90d2c0171a67dea69b
  modellanalyse.liknande_klassenavn.kryssdomene: sha256:ae0e671a0c11ae6d533ea2d004687610390d9037794ac3057972480f5d57ce08
  modellanalyse.liknande_klassenavn.objekttype: sha256:2fdbf2268b9cd1245bc69dde793dc5b6bd400cccfb31ec2663f73997e18dfcc4
  modellanalyse.liknande_klassenavn.tittel: sha256:73efd35b6b0f8c6c2a2dbd94c0fa92b4d6fbb520e5f92ec096c1c2cf465a2248
  modellanalyse.liknande_slotnavn.forklaring: sha256:ba9303a154e242ae1490ac5d9fdbfe8c23b1015b160570ee62adff127f07005c
  modellanalyse.liknande_slotnavn.kryssdomene: sha256:df3c412cd5e985a88181eb0783bad6c9d250d6e078942e7b7627b80a7adce447
  modellanalyse.liknande_slotnavn.objekttype: sha256:a13feca5bc9abba3ea2e9523ea39e9dd74e2e5f13e0e69266b37948eb3d2ecd5
  modellanalyse.liknande_slotnavn.tittel: sha256:8aafd5e19b36e27aa13584c02f9d3664710977c722cb516bf65855e44563e974
  modellanalyse.liknande_typenavn.forklaring: sha256:c76becdea244b153cacbb6349f1cdde37ffb666d80d2e0af97a5e4d52f6d1cfa
  modellanalyse.liknande_typenavn.kryssdomene: sha256:a7e1cff4583f9ca28b977b69f0ced8eecb83301ae53275c4f620fec2418c9453
  modellanalyse.liknande_typenavn.objekttype: sha256:6d4d402d6842b5c0bc13f0d6a00c493847c9e5c9f8ceefc46f44571d63b19807
  modellanalyse.liknande_typenavn.tittel: sha256:b5c95db5609f058bd8bb5914d50556f655a1beece07c9ef87b4547f3c1523ec0
  modellanalyse.rapport.kolonne.grunn: sha256:81392f9c8befc53ae7b55a122f2ed933d3c29d5a84b28d09de018f679d5ce8e1
  modellanalyse.rapport.kolonne.klasse: sha256:eebeec9dcb974e0c0019217877dae955bc8c2cc39292a258aa467a3cbfbdcca7
  modellanalyse.rapport.kolonne.skildring: sha256:9427599f7ea53741f50ff0b3075bb1671f38b00ec57506e01103f4c3fe10ac71
  modellanalyse.rapport.kolonne.skjema: sha256:11521ed28079ce2e7db46029a7a5f7a8b41c850042a688ee2a7d968e1ef2be4f
  modellanalyse.rapport.liknande.domene: sha256:95e13bbee3a6b25a24254198d1c20b12682a3cafb2a76772098d28a73f349a99
  modellanalyse.rapport.liknande.etikett_class: sha256:2dcf6bfd23e8186608cddd1bbaed6d1c7c4632bc1301b658578d8a91f157505c
  modellanalyse.rapport.liknande.etikett_slot: sha256:3b478a0a3fc655df9df052728812851b6b22ddf49daa1130ff37eafed057414f
  modellanalyse.rapport.liknande.etikett_types: sha256:19cb4ed1d91e113962aee8a64bb8c911ff76946528022843515f886de2665526
  modellanalyse.rapport.liknande.fleire_slots: sha256:cb84d85e466124f465fb840bb69f9f32b37554f0b40b37cfd0aff80efca3f43f
  modellanalyse.rapport.liknande.grunntype: sha256:2fb1c4dd5c2aabd7ace7bdbed2d5eca6a2fd0811cf40af276e799c0127dbc093
  modellanalyse.rapport.liknande.ingen: sha256:c4f4b8040a1c08bb62e5a86cfe36d697777fa5b935db7ee36608d8e960f459e8
  modellanalyse.rapport.liknande.ingen_slots: sha256:54b7a03ec662e8930452dc2a97b99362a3241f335561ae37f5783fe7047ff182
  modellanalyse.rapport.liknande.likskap: sha256:74cc2734534613f4508def6c46ab7f43bce27d19e439c1f0d4337fe8c46632db
  modellanalyse.rapport.liknande.mal: sha256:364552bbce21c9256b9aa02745936f05abe905850a14e0772695f4aefcc5fb3e
  modellanalyse.rapport.liknande.navnetype_class: sha256:2fdbf2268b9cd1245bc69dde793dc5b6bd400cccfb31ec2663f73997e18dfcc4
  modellanalyse.rapport.liknande.navnetype_slot: sha256:a13feca5bc9abba3ea2e9523ea39e9dd74e2e5f13e0e69266b37948eb3d2ecd5
  modellanalyse.rapport.liknande.navnetype_types: sha256:6d4d402d6842b5c0bc13f0d6a00c493847c9e5c9f8ceefc46f44571d63b19807
  modellanalyse.rapport.liknande.omfang_all: sha256:6db0fe9fc5c3586a41e2fe650a0314e4cf2c269b21a91018b6be0c2e4bbeb389
  modellanalyse.rapport.liknande.omfang_domain: sha256:5a526560390048773ab09ade6a9fa0771a483920883c9cb16f049984177b1bda
  modellanalyse.rapport.liknande.tittel: sha256:d090b6f53954d33da167af8b0e4416c6bb139a5a0693a2c94259df179e8fcfc1
  modellanalyse.rapport.liknande.totalt: sha256:7902f8a9bdb85a968ec90cf049cda8a69ba51b66d0336cce12a7a1f5f9290db5
  modellanalyse.rapport.lokal.etikett_enum: sha256:c2b210b6539aa64227e48ddcdef353df399af3989c79df48602d74c022eafdb4
  modellanalyse.rapport.lokal.etikett_slot: sha256:3b478a0a3fc655df9df052728812851b6b22ddf49daa1130ff37eafed057414f
  modellanalyse.rapport.lokal.etikett_subset: sha256:197d4fb16cf57d6c9ed83047401fb92724829a0c4cdc6c3fa1f6361bcb8a5249
  modellanalyse.rapport.lokal.etikett_type: sha256:745a56107a451db88ab37418fd25099785ed2344b8a433ac84994fc46432ed53
  modellanalyse.rapport.lokal.grunn_container_only: sha256:18a2399756a1b343d87f1ed82beb4008d89db37ddd735c5d50aba41e584d07e8
  modellanalyse.rapport.lokal.grunn_isolated: sha256:75a70f32c985d9731320bff695a2233a0a84286f9bd38bf6cca97705364ee5f5
  modellanalyse.rapport.lokal.ikkje_tilkopla_ingen: sha256:aae177293ad3bbf04081fac9ac00835d53fc23178d9273ea8d08f3c2986eb04b
  modellanalyse.rapport.lokal.ikkje_tilkopla_tittel: sha256:cfa66157c0aa309cf5fa7816ee2f260fa5e6a5cd31d0b97b547714a8a913798c
  modellanalyse.rapport.lokal.ikkje_tilkopla_totalt: sha256:d653ba1ee2e8ea33d438406ca711fd2d03146ac42c323f8fe72796bd8989f08a
  modellanalyse.rapport.lokal.inga_skildring: sha256:68f211d77af65b67588be45c0c0cc88477db3ca35c0a06399716bdb32478dd79
  modellanalyse.rapport.lokal.isolerte_ingen: sha256:d4cb3aed76b1fed207f556b99fcee73d9504652f196c68805a10ebe2c4c4aa16
  modellanalyse.rapport.lokal.isolerte_tittel: sha256:6d9019cf0aba7caf92fe04c8d9f2d55f47eef3546de1babeea6a1a324a9f0162
  modellanalyse.rapport.lokal.isolerte_totalt: sha256:8cbf697cc727bc165494915eecadc196209e1bf31d6334ff04eae8bd474dce6b
  modellanalyse.rapport.lokal.ubrukte_ingen: sha256:b950081f7dfe300fc71c8c7bcf0968e0d2b468ddd9776714ee4726426b1bbacf
  modellanalyse.rapport.lokal.ubrukte_tittel: sha256:5a37629f3c2b83b9652ed611b3d70d10c8de50cd48e6ae62d6577ca639ff702b
  modellanalyse.rapport.lokal.ubrukte_totalt: sha256:f5593091b3ddc2c911b240e8d64d1a1365d4a06c4979e48789a84eeadd2f868f
  modellanalyse.ubrukte_enums.forklaring: sha256:dcecbd35815184ff2d08755c1062ffe4ae23a798f04d7e85c6fee37fb890fe8c
  modellanalyse.ubrukte_enums.tittel: sha256:685e3988bdc7f55ca9be99f917fb906ee984a953e70daca282c558f8693f40a8
  modellanalyse.ubrukte_slots.forklaring: sha256:0dcd47224fa15e83598bc2500e6915fbd22fe87d169d79e87a21349599e5a77d
  modellanalyse.ubrukte_slots.tittel: sha256:92ce5b8c20b61304ecc11e1df3847cf5782d52c4886153ef58d2e7bbcda3ea4b
  modellanalyse.ubrukte_subsets.forklaring: sha256:10b9dfde698941f9cf64ce85fcc19f5427e00fcd317d0c43be491ea53779902f
  modellanalyse.ubrukte_subsets.tittel: sha256:ba8808bfa56ef1e8c70c85abf1e78e29f65fc91210b5682c0885b9352f9edb53
  modellanalyse.ubrukte_types.forklaring: sha256:4168a0c59cae40f9989703f3c7ee48befe4ac0ea9db0aaed9cd64574887d4267
  modellanalyse.ubrukte_types.tittel: sha256:62b6ec8f646fb81da24b7a437db502f721f5ccf573d66e7a0ee4fec0879d7009
  nav.alle_domene: sha256:6db0fe9fc5c3586a41e2fe650a0314e4cf2c269b21a91018b6be0c2e4bbeb389
  nav.ap_no_arkitektur: sha256:86066ca387757fa72147c1d0bbd3c68cc64d3fcbd8f152fd0037bc04ee8a4ee1
  nav.arkitektur: sha256:bb1eb0fb051f96715a595cde565ca2ea19ae61d65ea7ec8cd7c1c730958eb5bb
  nav.arkitekturoversikt: sha256:69fc2207b3044d6a5dd9223a1d47e64ab13969003641fa5abd809766a4153fbd
  nav.artefaktgenerering: sha256:a43b078781ca90e0474b18084c872f2055eff528611e900ac0a2a81eb83bb27b
  nav.automasjon: sha256:dcb89f84c8fab3c32812304e2f32bd8021585b6e1490c59c0cc04f177ec31e3a
  nav.bli_modelleigar: sha256:9b23880d947afe74c678a2db815f8b22213410ef0c87b1ac3da3c64a35a1d030
  nav.byggmanifest: sha256:6757f0bf9975a84dea7120298c7578e466aae272b35ab26ba30cb0b92bf66563
  nav.ekstern_bruk: sha256:da89a58890d01546d0cda9fdfcc11bd463e4734ecc7e9c0db30a529c030fbc0e
  nav.fleirsprak: sha256:212c3474562882fe0dd3a9ca2281b01ea526c191d57d43d3d3556ed5ac1fecf4
  nav.importhierarki: sha256:b6a87227885711a020d6274d710c90e29c4b807794521f33c769f55e6ff8faa6
  nav.kom_i_gang: sha256:4009e6c27056ce3809a0bd96eb1cd24c3c8866d12e0e609fac48f93b85f2abf9
  nav.kommandooversikt: sha256:f3654c9aa0aec8674654c2bf12a70f4c6bd93cbfb328f59e2eea4cbe7f15d1ca
  nav.modelldokumentasjon: sha256:590d32b52176cf61990e429feaa973ab5af90ff8970998ab5e836b7ef79604b4
  nav.modellmanifest: sha256:4e6d5391279f45e2db906b971bd131eec867b625c4537df5b5a651b4f92db84c
  nav.monitorering: sha256:1cbe4c83e55277c093b6ef787cc628a227a8f136492be1479b4139f5ce3ebbc7
  nav.ny_begrepskatalog: sha256:94c2f5078a92f09105400b17e5d51e79cca9c17bb638f39b654c1c42affbe88a
  nav.ny_domenemodell: sha256:e5cf4c2c4b5096c120e538f469e82173ebed5e71e3725ae18ce1bbc03bf74d6f
  nav.om: sha256:8f52b2be3c197a87386cc513ffdef394ce5c09b9f49b2b7eabe82d232f6d8ae8
  nav.publiser_begrep: sha256:f05ef438f02ace6dd2f877bb4e541c42322c7d27b1c7332da08ff009c680d8de
  nav.publiser_modell: sha256:2a0da4d8145deb166346ba204e1c0a292bcf0003908c1e11e0126e2c9be8b951
  nav.publisering: sha256:4505fd50a9e4b4eefce61724265e3f7516c341e0e3927807c95a48ab40f1dff4
  nav.publiseringsflyt: sha256:f9e6ec41e8bf6f4adf1dbac55966b22d34c541ba9f0da39e5cae86a54bfe5354
  nav.readme_tabellar: sha256:654d951845c8b4514b9b21417bd5f3699f9c77e1742959033b9c1c9ed0b9bae5
  nav.rettleiingar: sha256:1f68042dbaa969a9d5f4ad425c2f7292df4b405f7eb70d02db4aaefee72312de
  nav.standardetterleving: sha256:3eb25e45f1b99c23f792b00e147a18be27362d8992ba5eb354d47cec4fbed76c
  portal.copyright_1: sha256:d5c9151ed16d80e3552891c017ca518b3f7ab11ffbac99c0ce26608ba885c009
  portal.copyright_2: sha256:9a4537feae1502e7a59367ae54586e6bc5ac155106411e1dc817fa91dd6705d7
  portal.sist_bygd: sha256:abbd7117fd537c79993491e63c4c599afd32b40888bdb8ff9dd6f8279524a441
  portal.site_description: sha256:d10da61b01db448d37cd62391e243c7dbbaaa383da92f7c7c046362ad171ec2c
  portal.site_name: sha256:4bc3d02cb526b35e30f0e7f03a2616611c2ef1a4b28fb2796ac4e801b9afae22
  readme_tabell.begrepskatalog: sha256:e2bcd43d2800d16ef8710748288dd863a132c49af54f4c003a08d5b47b12358a
  readme_tabell.begrepskatalog_skildring: sha256:80284d974a62b3f58d0f69d5a96e8cf87ed143115dfb69a0187ccc78ed3db240
  readme_tabell.dokumentasjon: sha256:0e42976c35af82a99389c54a54a18bd3294bf520d3d29d9ced783165e4617b54
  readme_tabell.domene: sha256:b82f6d4b21b23d799112b51776460d6f280154941d33736a167a04e765d0d323
  readme_tabell.generator: sha256:1ade60abe93f5cfce908a10bb2d1b474f024779843faba4bb1f2ef06f277d3c7
  readme_tabell.modellkatalog: sha256:cc31e349b7db7ce65ae29d08cde98801aeccc162f96af3a4692f9ea864086540
  readme_tabell.modellkatalog_skildring: sha256:cd2847a3571154e9a499298016eaf068679b849f046442685e570cd268eeeecb
  readme_tabell.organisasjon: sha256:52b28241d1545f09337fccd6e66761d2d7684cd99f291039849ab34e46bdb319
  readme_tabell.skildring: sha256:9427599f7ea53741f50ff0b3075bb1671f38b00ec57506e01103f4c3fe10ac71
  readme_tabell.skjema: sha256:11521ed28079ce2e7db46029a7a5f7a8b41c850042a688ee2a7d968e1ef2be4f
  readme_tabell.ukjend_org: sha256:0007be4c4b8adfee8486034547186d09330a0bfe5d1cf374240516e83c1ac834
  seksjon.artefakter.byggekonfigurasjon: sha256:f89eb921614ff0866d071c603097f98b43a9b53d9c91984a19a1884c87c0f086
  seksjon.artefakter.forklaring: sha256:1d6b04acb325a6bf3c78946d542b61b3c6466fbd1ef8792f4d1484c31394808e
  seksjon.artefakter.kolonne_artefakt: sha256:545dc1ab2058f5a4e481ba0965dad718b42c59663884e07b8c1b6c5df57ea792
  seksjon.artefakter.kolonne_fil: sha256:52721fc1c69d800f24605fb2977732310e02366cd792aaea090af3315e73ce0b
  seksjon.artefakter.tittel: sha256:1531917493f6e198079a277d0a68aa1f93245a4d4e1f2175ebdc91d4c870585b
  seksjon.avhengigheiter.forklaring_1: sha256:f17eac546669f58c3b63836ad07b37b5c63d43056cac217ffe52084b173f6fc8
  seksjon.avhengigheiter.forklaring_2: sha256:8f57ae2903ec69c23096b507f85291c6b3668993fc40d5c5dd653226876ee911
  seksjon.avhengigheiter.importerte_modeller: sha256:4807f77b41e0f36624da24e52fb91834ca80533c6fe6dd19a3f5539d809fa265
  seksjon.avhengigheiter.innleiing: sha256:08cd2b6656f1afb21b87ca178cdb764e3bbfb5059c4a15ece5d4463551594e6d
  seksjon.avhengigheiter.sjaa_importhierarki: sha256:b324cad749269ed50895a20c571657f070814434ae2a4da988d8d8abb06acc1b
  seksjon.avhengigheiter.tittel: sha256:8b000dd2a91e7c1f03a00855a55a403a30b8c522c3156ac8292d90425d8d2bcd
  seksjon.datamodell.forklaring: sha256:3017a6c6d731b5c2fb0104f32c879c9f67f927354d329eadd7b3a6647ee2c512
  seksjon.datamodell.kjelde: sha256:11998d02d8c0bd9f63587ba0de64e42fada17db6fdee91b20c6030341583e4df
  seksjon.datamodell.tittel: sha256:77483da3f45c906c524eff7d0082299f694c1eda7ab956c7cb0e0fd040db15dd
  seksjon.delmodell.tekst: sha256:1c0736d8a7deda784b879cf5abb5bc86665c70ce3457e2f16cff5716ef1acf55
  seksjon.delmodell.tittel: sha256:e7b2a35147e133d7167b1fb59116212158a7a63b575f905f2c0bc78284754b6c
  seksjon.delmodellar.innleiing: sha256:7e03a33f762bdbda267899a1a63cecfd5c1a68376d2f613b7bb38cee1266aecf
  seksjon.delmodellar.tittel: sha256:943d52fdba1998b78d72729ae245832ce5dd3baf21ed517ce600b36ba6d045d5
  seksjon.eksempeldatafil.forklaring: sha256:966b8c3a3005d45e45856fbf25e2b9268277f0d4898050efcb0e2a3a7915e003
  seksjon.eksempeldatafil.full_fil: sha256:4f135b1446e2492011cf0603b7944fba233d0deba727b5b62d43b95f46028a9b
  seksjon.eksempeldatafil.per_klasse: sha256:99d9a3b252b8499d1777c826aaaca1c9f0630a9b5974861bf35cdae4ab449610
  seksjon.eksempeldatafil.tittel: sha256:deeec3433690cfe149ac2fc98cefb915942bd93bc279f15cf18cc22c9c0c8f4f
  seksjon.er_diagram.alt: sha256:984a1f1e279f4af8f45af231aa12e09403332d710f0d783e93ef352dd8f19eba
  seksjon.er_diagram.forklaring: sha256:72a975c03792f4c33bbd4c8eaf073bf28a3c539544077723428d1e376ac4786e
  seksjon.er_diagram.ingen_lokale: sha256:9300cd943e0e1e523dd3f987b880a63278531b2806c94b81ec232a24143a2ab9
  seksjon.er_diagram.klikk_zoom: sha256:74bdb55eb77569545ffaf921fce2d4976f81938da63c446741acb0ef0891aecd
  seksjon.er_diagram.kun_lokale: sha256:393694ae30eb38ce76ae01f73475e4b91a43bcdefda4f7e8d9972d6892661218
  seksjon.er_diagram.tittel: sha256:984a1f1e279f4af8f45af231aa12e09403332d710f0d783e93ef352dd8f19eba
  seksjon.kom_i_gang.forklaring: sha256:21624bb30fa5bb19d8abcea81402f7c255069eebc3b9ab42ca2620841eae393c
  seksjon.kom_i_gang.importer: sha256:1c09a4cfb1352b509b19a460779d4bf713d71276f39b7c26c0f1facf9acec298
  seksjon.kom_i_gang.java: sha256:68f2c83e82b9fd9a66f72c7c97366fd85f8c4112330ce7c29b69e1e3ea1466ff
  seksjon.kom_i_gang.python: sha256:bdf2991a38563883129ffad6db5c931be429cee4fdd802723ac350ed5a3fb310
  seksjon.kom_i_gang.tittel: sha256:4009e6c27056ce3809a0bd96eb1cd24c3c8866d12e0e609fac48f93b85f2abf9
  seksjon.kom_i_gang.valider_data: sha256:623745ee237d83e025767d05fb90ccbc325a81de6229bf73c9d93f928e3e7f2f
  seksjon.kom_i_gang.valider_skjema: sha256:e8d8ac00be541abc7f13bf94ad6dd636400eedcaa77e0f50ddd1df17642f6de3
  seksjon.kontakt.forklaring: sha256:c266d8fc8a3cd2606cfd8443ad669661a750cc990ea1c83388f30532b9bcbe97
  seksjon.kontakt.forvaltningsansvarleg: sha256:3c395b51aa8d7e6a44bef774a1f11147a2d0470d0c8918114814be25d95e8982
  seksjon.kontakt.kontakt: sha256:325eecf9d30156c2e6f261e611c40f571de28ad8924b6b2167b2aa78a3d9dadb
  seksjon.kontakt.support: sha256:be91940b79f469101df9a50544b6873aa5509a12f1f93f1cb5e3be3990d344b3
  seksjon.kontakt.tittel: sha256:325eecf9d30156c2e6f261e611c40f571de28ad8924b6b2167b2aa78a3d9dadb
  seksjon.modellanalyse.forklaring: sha256:e53b8dc0339c65cda5bf3bff58d4246fbbb2045555e7e96143e8def613b84d95
  seksjon.modellanalyse.forklaring_kort: sha256:f89a40ff8fcc5db637e5fc67ed0d7886bd6410ce136df563a78506d83508e705
  seksjon.modellanalyse.ikkje_tilgjengeleg: sha256:5d0b3a8ef5b9acb62434189d8a3f1f0cfd7782e168ed58172c2b8602e8c8b051
  seksjon.modellanalyse.kryssdomene: sha256:2a36ff35c5dd778aa9048827e9b250ec2a1ded5dbc9ba48d8839a6dd9b9326b0
  seksjon.modellanalyse.rapport_manglar: sha256:597ac4f53842d2b48e8ef87cd73d004a48348bba04a4ff1d95e546d498395001
  seksjon.modellanalyse.tittel: sha256:cc80ebf74d1623a68ea897567bcce18a093c230f0ea48a662b83611201c32f90
  seksjon.modellanalyse.workflow: sha256:ff9d3836e4ccb46b8ceb853ccbb1b8395250751a54d9c021703b7da5121dfdfb
  seksjon.om_modellen.forklaring: sha256:a10d23c41da3db36d90bef2576a98ce99a739f7e1fa5d2089b4291b919b41f0a
  seksjon.om_modellen.offisiell_referanse: sha256:4cb95e24e7aa78c6c73f84bd598910b296e24818275083e217a67169057d6003
  seksjon.om_modellen.tittel: sha256:4daba5060b16d18504d392a78c33cdedb3258056279e272736983e95b523fa3f
  seksjon.validering.aatvaringar: sha256:c2a8d7f56d1b7badbaa40c3bbea3cd9fcc37077ec6346cbea55fcb1d0ec7866e
  seksjon.validering.feil: sha256:9d4719beb6c7ac0ff73b25c8da51b2c5bc21165e1a3d821d410ec1191e449d80
  seksjon.validering.feilmelding: sha256:12018eaf04b5774eb7cc56b3f6e069f56fb975a086de6c70b32f45e89abd75f0
  seksjon.validering.forklaring: sha256:d1d29d41ce8cd07a6397cc9d7f191d3781a8cceef3dd562fd989b7acce1e6ed1
  seksjon.validering.godkjent: sha256:f144bc18007c6f8e38e74af485778664a41dbe9ed0088e80ab22394a8064b24d
  seksjon.validering.ikkje_godkjent: sha256:bf4c275fef4fecc690c462c57d7aca8b67463337de7889a6fddc7131ccfe53d3
  seksjon.validering.ikkje_tilgjengeleg: sha256:61abc6813d86e81b8f4596d1cc9cffb33ec18648d0669dba06516894e77a283c
  seksjon.validering.siste: sha256:2429be7f864fe006ee77dd3f691a25ad7944fdeee9d2d2a4acfcea8bb005de42
  seksjon.validering.status: sha256:920e413c7d411b61ef3e8c63b1cb6ad058d5f95f8b481dbafe60248387d8c355
  seksjon.validering.tittel: sha256:364fc06899b6106830ca05a4b1752ffa3d0e3edc84cb78d22b4b75713708f99a
  seksjon.validering.ugyldig_fil: sha256:d80683732aaa7c352bbee4050e5a13b86113fcd16fbec3de067950b389766cf7
  seksjon.versjonslog.forklaring: sha256:c799bba71ec05e05fc651708e9993b5a5065c0d6515924e3f732d956a5b9e217
  seksjon.versjonslog.tittel: sha256:e4c5f8238e210c1fa2e16c6d6f1390dd6a3c0763745718bab16ff4100cac42ea
  side404.a2: sha256:302901f94ba4dbb100beb6da421db7ae1cee0f231646a00353310fbebde8af55
  side404.f1: sha256:04dcf2125331897869590b96b45822d8ef14ff4f9a2c9162a5602960372c2067
  side404.f3: sha256:86c7677254dcc735339345b9a22ab8c4da28915ddf3e269f7bd82be78610b99a
  side404.ikkje_findable: sha256:885c1c8f1d9f90d4bfd09e0ca23db81be98cede77edb830a8dbe9b4adabfa2b0
  side404.tilbake: sha256:b495140879308eb93aeefd8403e976000c88c87124ffa8a0bf6c9595920156a0
  side404.tittel: sha256:3526f0d44d0c522d0cda502d75a5bdc28774f9a82d9b6ef3ffef2494b7ae7f21
  valideringsreglar.merknad_1: sha256:b69b34c9f130905d4c2d1373642e67e9c55d4970dc60cfd7fec156e63db9b436
  valideringsreglar.merknad_2: sha256:9558b01d3d995d9d78843e49b994cb9729df7af9900a181a2685f3b13af6539f
  valideringsreglar.merknad_tittel: sha256:c2e9f6ad8c6614157cd62288300fc737b3669eecbdb371bfd3a50205d22ff87d
  valideringsreglar.tittel: sha256:3b87823f4b383a25558e98875a341e69eaa0aed453b0fd20e877238abdc7a3e6
